
Microsoft Visual Studio Solution File, Format Version 12.00
# Visual Studio Version 17
VisualStudioVersion = 17.1.32421.90
MinimumVisualStudioVersion = 10.0.40219.1
Project("{FAE04EC0-301F-11D3-BF4B-00C04F79EFBC}") = "vwc", "vwc\vwc.csproj", "{AAF17A01-CA39-44BD-B044-95613DADB1A1}"
EndProject
Global
	GlobalSection(SolutionConfigurationPlatforms) = preSolution
		Debug|Any CPU = Debug|Any CPU
		Release|Any CPU = Release|Any CPU
	EndGlobalSection
	GlobalSection(ProjectConfigurationPlatforms) = postSolution
		{AAF17A01-CA39-44BD-B044-95613DADB1A1}.Debug|Any CPU.ActiveCfg = Debug|Any CPU
		{AAF17A01-CA39-44BD-B044-95613DADB1A1}.Debug|Any CPU.Build.0 = Debug|Any CPU
		{AAF17A01-CA39-44BD-B044-95613DADB1A1}.Release|Any CPU.ActiveCfg = Release|Any CPU
		{AAF17A01-CA39-44BD-B044-95613DADB1A1}.Release|Any CPU.Build.0 = Release|Any CPU
	EndGlobalSection
	GlobalSection(SolutionProperties) = preSolution
		HideSolutionNode = FALSE
	EndGlobalSection
	GlobalSection(ExtensibilityGlobals) = postSolution
		SolutionGuid = {BB9233EE-D2AF-48AB-BB53-1157C6470667}
	EndGlobalSection
EndGlobal
